
Microsoft Visual Studio Solution File, Format Version 12.00
# Visual Studio Version 16
VisualStudioVersion = 16.0.36422.26
MinimumVisualStudioVersion = 10.0.40219.1
Project("{FAE04EC0-301F-11D3-BF4B-00C04F79EFBC}") = "CarInsuranceMVC", "CarInsuranceMVC\CarInsuranceMVC.csproj", "{AE399605-1B09-49AA-86F9-CCCF50423A6B}"
EndProject
Global
	GlobalSection(SolutionConfigurationPlatforms) = preSolution
		Debug|Any CPU = Debug|Any CPU
		Release|Any CPU = Release|Any CPU
	EndGlobalSection
	GlobalSection(ProjectConfigurationPlatforms) = postSolution
		{AE399605-1B09-49AA-86F9-CCCF50423A6B}.Debug|Any CPU.ActiveCfg = Debug|Any CPU
		{AE399605-1B09-49AA-86F9-CCCF50423A6B}.Debug|Any CPU.Build.0 = Debug|Any CPU
		{AE399605-1B09-49AA-86F9-CCCF50423A6B}.Release|Any CPU.ActiveCfg = Release|Any CPU
		{AE399605-1B09-49AA-86F9-CCCF50423A6B}.Release|Any CPU.Build.0 = Release|Any CPU
	EndGlobalSection
	GlobalSection(SolutionProperties) = preSolution
		HideSolutionNode = FALSE
	EndGlobalSection
	GlobalSection(ExtensibilityGlobals) = postSolution
		SolutionGuid = {27A6B1CB-ED50-4BD0-9599-321F212CE821}
	EndGlobalSection
EndGlobal
